// !$*UTF8*$!
{
	archiveVersion = 1;
	classes = {
	};
	objectVersion = 50;
	objects = {

/* Begin PBXBuildFile section */
		E03291BF21142DA300152273 /* AppDelegate.m in Sources */ = {isa = PBXBuildFile; fileRef = E03291BE21142DA300152273 /* AppDelegate.m */; };
		E03291C221142DA300152273 /* ViewController.m in Sources */ = {isa = PBXBuildFile; fileRef = E03291C121142DA300152273 /* ViewController.m */; };
		E03291C521142DA300152273 /* Main.storyboard in Resources */ = {isa = PBXBuildFile; fileRef = E03291C321142DA300152273 /* Main.storyboard */; };
		E03291C721142DA400152273 /* Assets.xcassets in Resources */ = {isa = PBXBuildFile; fileRef = E03291C621142DA400152273 /* Assets.xcassets */; };
		E03291CA21142DA400152273 /* LaunchScreen.storyboard in Resources */ = {isa = PBXBuildFile; fileRef = E03291C821142DA400152273 /* LaunchScreen.storyboard */; };
		E03291CD21142DA400152273 /* main.m in Sources */ = {isa = PBXBuildFile; fileRef = E03291CC21142DA400152273 /* main.m */; };
		E03291DA21142DD000152273 /* MMRouter.m in Sources */ = {isa = PBXBuildFile; fileRef = E03291D921142DD000152273 /* MMRouter.m */; };
		E03291E021142EB200152273 /* MMForumVC.m in Sources */ = {isa = PBXBuildFile; fileRef = E03291DF21142EB200152273 /* MMForumVC.m */; };
		E03291E321142EBB00152273 /* MMMallVC.m in Sources */ = {isa = PBXBuildFile; fileRef = E03291E221142EBB00152273 /* MMMallVC.m */; };
		E03291E621142EC300152273 /* MMWalletVC.m in Sources */ = {isa = PBXBuildFile; fileRef = E03291E521142EC300152273 /* MMWalletVC.m */; };
		E03291EC211432BA00152273 /* MMRouter+MallActions.m in Sources */ = {isa = PBXBuildFile; fileRef = E03291E9211432BA00152273 /* MMRouter+MallActions.m */; };
		E03291EF2114330F00152273 /* Target_mall.m in Sources */ = {isa = PBXBuildFile; fileRef = E03291EE2114330F00152273 /* Target_mall.m */; };
		E03291F32114338500152273 /* UIViewController+MMExtension.m in Sources */ = {isa = PBXBuildFile; fileRef = E03291F22114338500152273 /* UIViewController+MMExtension.m */; };
		E03291F6211435E900152273 /* MMGoodsDetailVC.m in Sources */ = {isa = PBXBuildFile; fileRef = E03291F5211435E900152273 /* MMGoodsDetailVC.m */; };
		E03291F9211435F700152273 /* MMSpecialTopicVC.m in Sources */ = {isa = PBXBuildFile; fileRef = E03291F8211435F700152273 /* MMSpecialTopicVC.m */; };
		E03291FC211445ED00152273 /* MMRouter+WalletAction.m in Sources */ = {isa = PBXBuildFile; fileRef = E03291FB211445ED00152273 /* MMRouter+WalletAction.m */; };
		E03291FF2114460900152273 /* Target_wallet.m in Sources */ = {isa = PBXBuildFile; fileRef = E03291FE2114460900152273 /* Target_wallet.m */; };
		E03292022114461900152273 /* Target_forum.m in Sources */ = {isa = PBXBuildFile; fileRef = E03292012114461900152273 /* Target_forum.m */; };
		E03292052114462F00152273 /* MMRouter+ForumAction.m in Sources */ = {isa = PBXBuildFile; fileRef = E03292042114462F00152273 /* MMRouter+ForumAction.m */; };
		E03292092114490500152273 /* MMRouter+AlertAction.m in Sources */ = {isa = PBXBuildFile; fileRef = E03292082114490500152273 /* MMRouter+AlertAction.m */; };
		E032920C2114493800152273 /* Target_alert.m in Sources */ = {isa = PBXBuildFile; fileRef = E032920B2114493800152273 /* Target_alert.m */; };
		E0329211211451F100152273 /* Target_userCenter.m in Sources */ = {isa = PBXBuildFile; fileRef = E0329210211451F100152273 /* Target_userCenter.m */; };
		E03292142114521400152273 /* MMRouter+UserCenterAction.m in Sources */ = {isa = PBXBuildFile; fileRef = E03292132114521400152273 /* MMRouter+UserCenterAction.m */; };
		E03292172114527200152273 /* MMUserCenterVC.m in Sources */ = {isa = PBXBuildFile; fileRef = E03292162114527200152273 /* MMUserCenterVC.m */; };
		E032921B2114532E00152273 /* Target_shopCart.m in Sources */ = {isa = PBXBuildFile; fileRef = E032921A2114532E00152273 /* Target_shopCart.m */; };
		E032921E2114533B00152273 /* MMRouter+ShopCartAction.m in Sources */ = {isa = PBXBuildFile; fileRef = E032921D2114533B00152273 /* MMRouter+ShopCartAction.m */; };
		E03292212114579F00152273 /* MMShopCartVC.m in Sources */ = {isa = PBXBuildFile; fileRef = E03292202114579F00152273 /* MMShopCartVC.m */; };
/* End PBXBuildFile section */

/* Begin PBXFileReference section */
		E03291BA21142DA300152273 /* MMRouterDemo.app */ = {isa = PBXFileReference; explicitFileType = wrapper.application; includeInIndex = 0; path = MMRouterDemo.app; sourceTree = BUILT_PRODUCTS_DIR; };
		E03291BD21142DA300152273 /* AppDelegate.h */ = {isa = PBXFileReference; lastKnownFileType = sourcecode.c.h; path = AppDelegate.h; sourceTree = "<group>"; };
		E03291BE21142DA300152273 /* AppDelegate.m */ = {isa = PBXFileReference; lastKnownFileType = sourcecode.c.objc; path = AppDelegate.m; sourceTree = "<group>"; };
		E03291C021142DA300152273 /* ViewController.h */ = {isa = PBXFileReference; lastKnownFileType = sourcecode.c.h; path = ViewController.h; sourceTree = "<group>"; };
		E03291C121142DA300152273 /* ViewController.m */ = {isa = PBXFileReference; lastKnownFileType = sourcecode.c.objc; path = ViewController.m; sourceTree = "<group>"; };
		E03291C421142DA300152273 /* Base */ = {isa = PBXFileReference; lastKnownFileType = file.storyboard; name = Base; path = Base.lproj/Main.storyboard; sourceTree = "<group>"; };
		E03291C621142DA400152273 /* Assets.xcassets */ = {isa = PBXFileReference; lastKnownFileType = folder.assetcatalog; path = Assets.xcassets; sourceTree = "<group>"; };
		E03291C921142DA400152273 /* Base */ = {isa = PBXFileReference; lastKnownFileType = file.storyboard; name = Base; path = Base.lproj/LaunchScreen.storyboard; sourceTree = "<group>"; };
		E03291CB21142DA400152273 /* Info.plist */ = {isa = PBXFileReference; lastKnownFileType = text.plist.xml; path = Info.plist; sourceTree = "<group>"; };
		E03291CC21142DA400152273 /* main.m */ = {isa = PBXFileReference; lastKnownFileType = sourcecode.c.objc; path = main.m; sourceTree = "<group>"; };
		E03291D821142DD000152273 /* MMRouter.h */ = {isa = PBXFileReference; fileEncoding = 4; lastKnownFileType = sourcecode.c.h; path = MMRouter.h; sourceTree = "<group>"; };
		E03291D921142DD000152273 /* MMRouter.m */ = {isa = PBXFileReference; fileEncoding = 4; lastKnownFileType = sourcecode.c.objc; path = MMRouter.m; sourceTree = "<group>"; };
		E03291DE21142EB200152273 /* MMForumVC.h */ = {isa = PBXFileReference; lastKnownFileType = sourcecode.c.h; path = MMForumVC.h; sourceTree = "<group>"; };
		E03291DF21142EB200152273 /* MMForumVC.m */ = {isa = PBXFileReference; lastKnownFileType = sourcecode.c.objc; path = MMForumVC.m; sourceTree = "<group>"; };
		E03291E121142EBB00152273 /* MMMallVC.h */ = {isa = PBXFileReference; lastKnownFileType = sourcecode.c.h; path = MMMallVC.h; sourceTree = "<group>"; };
		E03291E221142EBB00152273 /* MMMallVC.m */ = {isa = PBXFileReference; lastKnownFileType = sourcecode.c.objc; path = MMMallVC.m; sourceTree = "<group>"; };
		E03291E421142EC300152273 /* MMWalletVC.h */ = {isa = PBXFileReference; lastKnownFileType = sourcecode.c.h; path = MMWalletVC.h; sourceTree = "<group>"; };
		E03291E521142EC300152273 /* MMWalletVC.m */ = {isa = PBXFileReference; lastKnownFileType = sourcecode.c.objc; path = MMWalletVC.m; sourceTree = "<group>"; };
		E03291E9211432BA00152273 /* MMRouter+MallActions.m */ = {isa = PBXFileReference; fileEncoding = 4; lastKnownFileType = sourcecode.c.objc; path = "MMRouter+MallActions.m"; sourceTree = "<group>"; };
		E03291EA211432BA00152273 /* MMRouter+MallActions.h */ = {isa = PBXFileReference; fileEncoding = 4; lastKnownFileType = sourcecode.c.h; path = "MMRouter+MallActions.h"; sourceTree = "<group>"; };
		E03291ED2114330F00152273 /* Target_mall.h */ = {isa = PBXFileReference; fileEncoding = 4; lastKnownFileType = sourcecode.c.h; path = Target_mall.h; sourceTree = "<group>"; };
		E03291EE2114330F00152273 /* Target_mall.m */ = {isa = PBXFileReference; fileEncoding = 4; lastKnownFileType = sourcecode.c.objc; path = Target_mall.m; sourceTree = "<group>"; };
		E03291F12114338500152273 /* UIViewController+MMExtension.h */ = {isa = PBXFileReference; lastKnownFileType = sourcecode.c.h; path = "UIViewController+MMExtension.h"; sourceTree = "<group>"; };
		E03291F22114338500152273 /* UIViewController+MMExtension.m */ = {isa = PBXFileReference; lastKnownFileType = sourcecode.c.objc; path = "UIViewController+MMExtension.m"; sourceTree = "<group>"; };
		E03291F4211435E900152273 /* MMGoodsDetailVC.h */ = {isa = PBXFileReference; lastKnownFileType = sourcecode.c.h; path = MMGoodsDetailVC.h; sourceTree = "<group>"; };
		E03291F5211435E900152273 /* MMGoodsDetailVC.m */ = {isa = PBXFileReference; lastKnownFileType = sourcecode.c.objc; path = MMGoodsDetailVC.m; sourceTree = "<group>"; };
		E03291F7211435F700152273 /* MMSpecialTopicVC.h */ = {isa = PBXFileReference; lastKnownFileType = sourcecode.c.h; path = MMSpecialTopicVC.h; sourceTree = "<group>"; };
		E03291F8211435F700152273 /* MMSpecialTopicVC.m */ = {isa = PBXFileReference; lastKnownFileType = sourcecode.c.objc; path = MMSpecialTopicVC.m; sourceTree = "<group>"; };
		E03291FA211445ED00152273 /* MMRouter+WalletAction.h */ = {isa = PBXFileReference; lastKnownFileType = sourcecode.c.h; path = "MMRouter+WalletAction.h"; sourceTree = "<group>"; };
		E03291FB211445ED00152273 /* MMRouter+WalletAction.m */ = {isa = PBXFileReference; lastKnownFileType = sourcecode.c.objc; path = "MMRouter+WalletAction.m"; sourceTree = "<group>"; };
		E03291FD2114460900152273 /* Target_wallet.h */ = {isa = PBXFileReference; lastKnownFileType = sourcecode.c.h; path = Target_wallet.h; sourceTree = "<group>"; };
		E03291FE2114460900152273 /* Target_wallet.m */ = {isa = PBXFileReference; lastKnownFileType = sourcecode.c.objc; path = Target_wallet.m; sourceTree = "<group>"; };
		E03292002114461900152273 /* Target_forum.h */ = {isa = PBXFileReference; lastKnownFileType = sourcecode.c.h; path = Target_forum.h; sourceTree = "<group>"; };
		E03292012114461900152273 /* Target_forum.m */ = {isa = PBXFileReference; lastKnownFileType = sourcecode.c.objc; path = Target_forum.m; sourceTree = "<group>"; };
		E03292032114462F00152273 /* MMRouter+ForumAction.h */ = {isa = PBXFileReference; lastKnownFileType = sourcecode.c.h; path = "MMRouter+ForumAction.h"; sourceTree = "<group>"; };
		E03292042114462F00152273 /* MMRouter+ForumAction.m */ = {isa = PBXFileReference; lastKnownFileType = sourcecode.c.objc; path = "MMRouter+ForumAction.m"; sourceTree = "<group>"; };
		E03292072114490500152273 /* MMRouter+AlertAction.h */ = {isa = PBXFileReference; lastKnownFileType = sourcecode.c.h; path = "MMRouter+AlertAction.h"; sourceTree = "<group>"; };
		E03292082114490500152273 /* MMRouter+AlertAction.m */ = {isa = PBXFileReference; lastKnownFileType = sourcecode.c.objc; path = "MMRouter+AlertAction.m"; sourceTree = "<group>"; };
		E032920A2114493800152273 /* Target_alert.h */ = {isa = PBXFileReference; lastKnownFileType = sourcecode.c.h; path = Target_alert.h; sourceTree = "<group>"; };
		E032920B2114493800152273 /* Target_alert.m */ = {isa = PBXFileReference; lastKnownFileType = sourcecode.c.objc; path = Target_alert.m; sourceTree = "<group>"; };
		E032920F211451F100152273 /* Target_userCenter.h */ = {isa = PBXFileReference; lastKnownFileType = sourcecode.c.h; path = Target_userCenter.h; sourceTree = "<group>"; };
		E0329210211451F100152273 /* Target_userCenter.m */ = {isa = PBXFileReference; lastKnownFileType = sourcecode.c.objc; path = Target_userCenter.m; sourceTree = "<group>"; };
		E03292122114521400152273 /* MMRouter+UserCenterAction.h */ = {isa = PBXFileReference; lastKnownFileType = sourcecode.c.h; path = "MMRouter+UserCenterAction.h"; sourceTree = "<group>"; };
		E03292132114521400152273 /* MMRouter+UserCenterAction.m */ = {isa = PBXFileReference; lastKnownFileType = sourcecode.c.objc; path = "MMRouter+UserCenterAction.m"; sourceTree = "<group>"; };
		E03292152114527200152273 /* MMUserCenterVC.h */ = {isa = PBXFileReference; lastKnownFileType = sourcecode.c.h; path = MMUserCenterVC.h; sourceTree = "<group>"; };
		E03292162114527200152273 /* MMUserCenterVC.m */ = {isa = PBXFileReference; lastKnownFileType = sourcecode.c.objc; path = MMUserCenterVC.m; sourceTree = "<group>"; };
		E03292192114532E00152273 /* Target_shopCart.h */ = {isa = PBXFileReference; lastKnownFileType = sourcecode.c.h; path = Target_shopCart.h; sourceTree = "<group>"; };
		E032921A2114532E00152273 /* Target_shopCart.m */ = {isa = PBXFileReference; lastKnownFileType = sourcecode.c.objc; path = Target_shopCart.m; sourceTree = "<group>"; };
		E032921C2114533B00152273 /* MMRouter+ShopCartAction.h */ = {isa = PBXFileReference; lastKnownFileType = sourcecode.c.h; path = "MMRouter+ShopCartAction.h"; sourceTree = "<group>"; };
		E032921D2114533B00152273 /* MMRouter+ShopCartAction.m */ = {isa = PBXFileReference; lastKnownFileType = sourcecode.c.objc; path = "MMRouter+ShopCartAction.m"; sourceTree = "<group>"; };
		E032921F2114579F00152273 /* MMShopCartVC.h */ = {isa = PBXFileReference; lastKnownFileType = sourcecode.c.h; path = MMShopCartVC.h; sourceTree = "<group>"; };
		E03292202114579F00152273 /* MMShopCartVC.m */ = {isa = PBXFileReference; lastKnownFileType = sourcecode.c.objc; path = MMShopCartVC.m; sourceTree = "<group>"; };
/* End PBXFileReference section */

/* Begin PBXFrameworksBuildPhase section */
		E03291B721142DA300152273 /* Frameworks */ = {
			isa = PBXFrameworksBuildPhase;
			buildActionMask = 2147483647;
			files = (
			);
			runOnlyForDeploymentPostprocessing = 0;
		};
/* End PBXFrameworksBuildPhase section */

/* Begin PBXGroup section */
		E03291B121142DA300152273 = {
			isa = PBXGroup;
			children = (
				E03291D721142DD000152273 /* MMRouter */,
				E03291BC21142DA300152273 /* MMRouterDemo */,
				E03291BB21142DA300152273 /* Products */,
			);
			sourceTree = "<group>";
		};
		E03291BB21142DA300152273 /* Products */ = {
			isa = PBXGroup;
			children = (
				E03291BA21142DA300152273 /* MMRouterDemo.app */,
			);
			name = Products;
			sourceTree = "<group>";
		};
		E03291BC21142DA300152273 /* MMRouterDemo */ = {
			isa = PBXGroup;
			children = (
				E03291F02114336100152273 /* Category */,
				E032920D2114518A00152273 /* Modules */,
				E03291BD21142DA300152273 /* AppDelegate.h */,
				E03291BE21142DA300152273 /* AppDelegate.m */,
				E03291C021142DA300152273 /* ViewController.h */,
				E03291C121142DA300152273 /* ViewController.m */,
				E03291C321142DA300152273 /* Main.storyboard */,
				E03291C621142DA400152273 /* Assets.xcassets */,
				E03291C821142DA400152273 /* LaunchScreen.storyboard */,
				E03291CB21142DA400152273 /* Info.plist */,
				E03291CC21142DA400152273 /* main.m */,
			);
			path = MMRouterDemo;
			sourceTree = "<group>";
		};
		E03291D721142DD000152273 /* MMRouter */ = {
			isa = PBXGroup;
			children = (
				E03291D821142DD000152273 /* MMRouter.h */,
				E03291D921142DD000152273 /* MMRouter.m */,
			);
			name = MMRouter;
			path = ../MMRouter;
			sourceTree = "<group>";
		};
		E03291DB21142E5300152273 /* Module_Forum */ = {
			isa = PBXGroup;
			children = (
				E03292032114462F00152273 /* MMRouter+ForumAction.h */,
				E03292042114462F00152273 /* MMRouter+ForumAction.m */,
				E03292002114461900152273 /* Target_forum.h */,
				E03292012114461900152273 /* Target_forum.m */,
				E03291DE21142EB200152273 /* MMForumVC.h */,
				E03291DF21142EB200152273 /* MMForumVC.m */,
			);
			path = Module_Forum;
			sourceTree = "<group>";
		};
		E03291DC21142E5300152273 /* Module_Mall */ = {
			isa = PBXGroup;
			children = (
				E03291EA211432BA00152273 /* MMRouter+MallActions.h */,
				E03291E9211432BA00152273 /* MMRouter+MallActions.m */,
				E03291ED2114330F00152273 /* Target_mall.h */,
				E03291EE2114330F00152273 /* Target_mall.m */,
				E03291E121142EBB00152273 /* MMMallVC.h */,
				E03291E221142EBB00152273 /* MMMallVC.m */,
				E03291F4211435E900152273 /* MMGoodsDetailVC.h */,
				E03291F5211435E900152273 /* MMGoodsDetailVC.m */,
				E03291F7211435F700152273 /* MMSpecialTopicVC.h */,
				E03291F8211435F700152273 /* MMSpecialTopicVC.m */,
			);
			path = Module_Mall;
			sourceTree = "<group>";
		};
		E03291DD21142E5300152273 /* Module_Wallet */ = {
			isa = PBXGroup;
			children = (
				E03291FA211445ED00152273 /* MMRouter+WalletAction.h */,
				E03291FB211445ED00152273 /* MMRouter+WalletAction.m */,
				E03291FD2114460900152273 /* Target_wallet.h */,
				E03291FE2114460900152273 /* Target_wallet.m */,
				E03291E421142EC300152273 /* MMWalletVC.h */,
				E03291E521142EC300152273 /* MMWalletVC.m */,
			);
			path = Module_Wallet;
			sourceTree = "<group>";
		};
		E03291F02114336100152273 /* Category */ = {
			isa = PBXGroup;
			children = (
				E03291F12114338500152273 /* UIViewController+MMExtension.h */,
				E03291F22114338500152273 /* UIViewController+MMExtension.m */,
			);
			path = Category;
			sourceTree = "<group>";
		};
		E0329206211448C400152273 /* Module_AlertView */ = {
			isa = PBXGroup;
			children = (
				E03292072114490500152273 /* MMRouter+AlertAction.h */,
				E03292082114490500152273 /* MMRouter+AlertAction.m */,
				E032920A2114493800152273 /* Target_alert.h */,
				E032920B2114493800152273 /* Target_alert.m */,
			);
			path = Module_AlertView;
			sourceTree = "<group>";
		};
		E032920D2114518A00152273 /* Modules */ = {
			isa = PBXGroup;
			children = (
				E0329206211448C400152273 /* Module_AlertView */,
				E0329218211452DA00152273 /* Module_ShopCart */,
				E032920E211451DE00152273 /* Module_UserCenter */,
				E03291DB21142E5300152273 /* Module_Forum */,
				E03291DC21142E5300152273 /* Module_Mall */,
				E03291DD21142E5300152273 /* Module_Wallet */,
			);
			path = Modules;
			sourceTree = "<group>";
		};
		E032920E211451DE00152273 /* Module_UserCenter */ = {
			isa = PBXGroup;
			children = (
				E03292122114521400152273 /* MMRouter+UserCenterAction.h */,
				E03292132114521400152273 /* MMRouter+UserCenterAction.m */,
				E032920F211451F100152273 /* Target_userCenter.h */,
				E0329210211451F100152273 /* Target_userCenter.m */,
				E03292152114527200152273 /* MMUserCenterVC.h */,
				E03292162114527200152273 /* MMUserCenterVC.m */,
			);
			path = Module_UserCenter;
			sourceTree = "<group>";
		};
		E0329218211452DA00152273 /* Module_ShopCart */ = {
			isa = PBXGroup;
			children = (
				E032921C2114533B00152273 /* MMRouter+ShopCartAction.h */,
				E032921D2114533B00152273 /* MMRouter+ShopCartAction.m */,
				E03292192114532E00152273 /* Target_shopCart.h */,
				E032921A2114532E00152273 /* Target_shopCart.m */,
				E032921F2114579F00152273 /* MMShopCartVC.h */,
				E03292202114579F00152273 /* MMShopCartVC.m */,
			);
			path = Module_ShopCart;
			sourceTree = "<group>";
		};
/* End PBXGroup section */

/* Begin PBXNativeTarget section */
		E03291B921142DA300152273 /* MMRouterDemo */ = {
			isa = PBXNativeTarget;
			buildConfigurationList = E03291D021142DA400152273 /* Build configuration list for PBXNativeTarget "MMRouterDemo" */;
			buildPhases = (
				E03291B621142DA300152273 /* Sources */,
				E03291B721142DA300152273 /* Frameworks */,
				E03291B821142DA300152273 /* Resources */,
			);
			buildRules = (
			);
			dependencies = (
			);
			name = MMRouterDemo;
			productName = MMRouterDemo;
			productReference = E03291BA21142DA300152273 /* MMRouterDemo.app */;
			productType = "com.apple.product-type.application";
		};
/* End PBXNativeTarget section */

/* Begin PBXProject section */
		E03291B221142DA300152273 /* Project object */ = {
			isa = PBXProject;
			attributes = {
				LastUpgradeCheck = 1000;
				ORGANIZATIONNAME = xueMingLuan;
				TargetAttributes = {
					E03291B921142DA300152273 = {
						CreatedOnToolsVersion = 10.0;
					};
				};
			};
			buildConfigurationList = E03291B521142DA300152273 /* Build configuration list for PBXProject "MMRouterDemo" */;
			compatibilityVersion = "Xcode 9.3";
			developmentRegion = en;
			hasScannedForEncodings = 0;
			knownRegions = (
				en,
				Base,
			);
			mainGroup = E03291B121142DA300152273;
			productRefGroup = E03291BB21142DA300152273 /* Products */;
			projectDirPath = "";
			projectRoot = "";
			targets = (
				E03291B921142DA300152273 /* MMRouterDemo */,
			);
		};
/* End PBXProject section */

/* Begin PBXResourcesBuildPhase section */
		E03291B821142DA300152273 /* Resources */ = {
			isa = PBXResourcesBuildPhase;
			buildActionMask = 2147483647;
			files = (
				E03291CA21142DA400152273 /* LaunchScreen.storyboard in Resources */,
				E03291C721142DA400152273 /* Assets.xcassets in Resources */,
				E03291C521142DA300152273 /* Main.storyboard in Resources */,
			);
			runOnlyForDeploymentPostprocessing = 0;
		};
/* End PBXResourcesBuildPhase section */

/* Begin PBXSourcesBuildPhase section */
		E03291B621142DA300152273 /* Sources */ = {
			isa = PBXSourcesBuildPhase;
			buildActionMask = 2147483647;
			files = (
				E03292022114461900152273 /* Target_forum.m in Sources */,
				E03291F9211435F700152273 /* MMSpecialTopicVC.m in Sources */,
				E03292142114521400152273 /* MMRouter+UserCenterAction.m in Sources */,
				E03292092114490500152273 /* MMRouter+AlertAction.m in Sources */,
				E03292212114579F00152273 /* MMShopCartVC.m in Sources */,
				E03291F6211435E900152273 /* MMGoodsDetailVC.m in Sources */,
				E03291F32114338500152273 /* UIViewController+MMExtension.m in Sources */,
				E03291EC211432BA00152273 /* MMRouter+MallActions.m in Sources */,
				E03291EF2114330F00152273 /* Target_mall.m in Sources */,
				E03291E621142EC300152273 /* MMWalletVC.m in Sources */,
				E03291DA21142DD000152273 /* MMRouter.m in Sources */,
				E03291E021142EB200152273 /* MMForumVC.m in Sources */,
				E03292172114527200152273 /* MMUserCenterVC.m in Sources */,
				E03291E321142EBB00152273 /* MMMallVC.m in Sources */,
				E03291FC211445ED00152273 /* MMRouter+WalletAction.m in Sources */,
				E032921B2114532E00152273 /* Target_shopCart.m in Sources */,
				E0329211211451F100152273 /* Target_userCenter.m in Sources */,
				E03291C221142DA300152273 /* ViewController.m in Sources */,
				E03291FF2114460900152273 /* Target_wallet.m in Sources */,
				E03291CD21142DA400152273 /* main.m in Sources */,
				E032920C2114493800152273 /* Target_alert.m in Sources */,
				E032921E2114533B00152273 /* MMRouter+ShopCartAction.m in Sources */,
				E03292052114462F00152273 /* MMRouter+ForumAction.m in Sources */,
				E03291BF21142DA300152273 /* AppDelegate.m in Sources */,
			);
			runOnlyForDeploymentPostprocessing = 0;
		};
/* End PBXSourcesBuildPhase section */

/* Begin PBXVariantGroup section */
		E03291C321142DA300152273 /* Main.storyboard */ = {
			isa = PBXVariantGroup;
			children = (
				E03291C421142DA300152273 /* Base */,
			);
			name = Main.storyboard;
			sourceTree = "<group>";
		};
		E03291C821142DA400152273 /* LaunchScreen.storyboard */ = {
			isa = PBXVariantGroup;
			children = (
				E03291C921142DA400152273 /* Base */,
			);
			name = LaunchScreen.storyboard;
			sourceTree = "<group>";
		};
/* End PBXVariantGroup section */

/* Begin XCBuildConfiguration section */
		E03291CE21142DA400152273 /* Debug */ = {
			isa = XCBuildConfiguration;
			buildSettings = {
				ALWAYS_SEARCH_USER_PATHS = NO;
				CLANG_ANALYZER_NONNULL = YES;
				CLANG_ANALYZER_NUMBER_OBJECT_CONVERSION = YES_AGGRESSIVE;
				CLANG_CXX_LANGUAGE_STANDARD = "gnu++14";
				CLANG_CXX_LIBRARY = "libc++";
				CLANG_ENABLE_MODULES = YES;
				CLANG_ENABLE_OBJC_ARC = YES;
				CLANG_ENABLE_OBJC_WEAK = YES;
				CLANG_WARN_BLOCK_CAPTURE_AUTORELEASING = YES;
				CLANG_WARN_BOOL_CONVERSION = YES;
				CLANG_WARN_COMMA = YES;
				CLANG_WARN_CONSTANT_CONVERSION = YES;
				CLANG_WARN_DEPRECATED_OBJC_IMPLEMENTATIONS = YES;
				CLANG_WARN_DIRECT_OBJC_ISA_USAGE = YES_ERROR;
				CLANG_WARN_DOCUMENTATION_COMMENTS = YES;
				CLANG_WARN_EMPTY_BODY = YES;
				CLANG_WARN_ENUM_CONVERSION = YES;
				CLANG_WARN_INFINITE_RECURSION = YES;
				CLANG_WARN_INT_CONVERSION = YES;
				CLANG_WARN_NON_LITERAL_NULL_CONVERSION = YES;
				CLANG_WARN_OBJC_IMPLICIT_RETAIN_SELF = YES;
				CLANG_WARN_OBJC_LITERAL_CONVERSION = YES;
				CLANG_WARN_OBJC_ROOT_CLASS = YES_ERROR;
				CLANG_WARN_RANGE_LOOP_ANALYSIS = YES;
				CLANG_WARN_STRICT_PROTOTYPES = YES;
				CLANG_WARN_SUSPICIOUS_MOVE = YES;
				CLANG_WARN_UNGUARDED_AVAILABILITY = YES_AGGRESSIVE;
				CLANG_WARN_UNREACHABLE_CODE = YES;
				CLANG_WARN__DUPLICATE_METHOD_MATCH = YES;
				CODE_SIGN_IDENTITY = "iPhone Developer";
				COPY_PHASE_STRIP = NO;
				DEBUG_INFORMATION_FORMAT = dwarf;
				ENABLE_STRICT_OBJC_MSGSEND = YES;
				ENABLE_TESTABILITY = YES;
				GCC_C_LANGUAGE_STANDARD = gnu11;
				GCC_DYNAMIC_NO_PIC = NO;
				GCC_NO_COMMON_BLOCKS = YES;
				GCC_OPTIMIZATION_LEVEL = 0;
				GCC_PREPROCESSOR_DEFINITIONS = (
					"DEBUG=1",
					"$(inherited)",
				);
				GCC_WARN_64_TO_32_BIT_CONVERSION = YES;
				GCC_WARN_ABOUT_RETURN_TYPE = YES_ERROR;
				GCC_WARN_UNDECLARED_SELECTOR = YES;
				GCC_WARN_UNINITIALIZED_AUTOS = YES_AGGRESSIVE;
				GCC_WARN_UNUSED_FUNCTION = YES;
				GCC_WARN_UNUSED_VARIABLE = YES;
				IPHONEOS_DEPLOYMENT_TARGET = 12.0;
				MTL_ENABLE_DEBUG_INFO = INCLUDE_SOURCE;
				MTL_FAST_MATH = YES;
				ONLY_ACTIVE_ARCH = YES;
				SDKROOT = iphoneos;
			};
			name = Debug;
		};
		E03291CF21142DA400152273 /* Release */ = {
			isa = XCBuildConfiguration;
			buildSettings = {
				ALWAYS_SEARCH_USER_PATHS = NO;
				CLANG_ANALYZER_NONNULL = YES;
				CLANG_ANALYZER_NUMBER_OBJECT_CONVERSION = YES_AGGRESSIVE;
				CLANG_CXX_LANGUAGE_STANDARD = "gnu++14";
				CLANG_CXX_LIBRARY = "libc++";
				CLANG_ENABLE_MODULES = YES;
				CLANG_ENABLE_OBJC_ARC = YES;
				CLANG_ENABLE_OBJC_WEAK = YES;
				CLANG_WARN_BLOCK_CAPTURE_AUTORELEASING = YES;
				CLANG_WARN_BOOL_CONVERSION = YES;
				CLANG_WARN_COMMA = YES;
				CLANG_WARN_CONSTANT_CONVERSION = YES;
				CLANG_WARN_DEPRECATED_OBJC_IMPLEMENTATIONS = YES;
				CLANG_WARN_DIRECT_OBJC_ISA_USAGE = YES_ERROR;
				CLANG_WARN_DOCUMENTATION_COMMENTS = YES;
				CLANG_WARN_EMPTY_BODY = YES;
				CLANG_WARN_ENUM_CONVERSION = YES;
				CLANG_WARN_INFINITE_RECURSION = YES;
				CLANG_WARN_INT_CONVERSION = YES;
				CLANG_WARN_NON_LITERAL_NULL_CONVERSION = YES;
				CLANG_WARN_OBJC_IMPLICIT_RETAIN_SELF = YES;
				CLANG_WARN_OBJC_LITERAL_CONVERSION = YES;
				CLANG_WARN_OBJC_ROOT_CLASS = YES_ERROR;
				CLANG_WARN_RANGE_LOOP_ANALYSIS = YES;
				CLANG_WARN_STRICT_PROTOTYPES = YES;
				CLANG_WARN_SUSPICIOUS_MOVE = YES;
				CLANG_WARN_UNGUARDED_AVAILABILITY = YES_AGGRESSIVE;
				CLANG_WARN_UNREACHABLE_CODE = YES;
				CLANG_WARN__DUPLICATE_METHOD_MATCH = YES;
				CODE_SIGN_IDENTITY = "iPhone Developer";
				COPY_PHASE_STRIP = NO;
				DEBUG_INFORMATION_FORMAT = "dwarf-with-dsym";
				ENABLE_NS_ASSERTIONS = NO;
				ENABLE_STRICT_OBJC_MSGSEND = YES;
				GCC_C_LANGUAGE_STANDARD = gnu11;
				GCC_NO_COMMON_BLOCKS = YES;
				GCC_WARN_64_TO_32_BIT_CONVERSION = YES;
				GCC_WARN_ABOUT_RETURN_TYPE = YES_ERROR;
				GCC_WARN_UNDECLARED_SELECTOR = YES;
				GCC_WARN_UNINITIALIZED_AUTOS = YES_AGGRESSIVE;
				GCC_WARN_UNUSED_FUNCTION = YES;
				GCC_WARN_UNUSED_VARIABLE = YES;
				IPHONEOS_DEPLOYMENT_TARGET = 12.0;
				MTL_ENABLE_DEBUG_INFO = NO;
				MTL_FAST_MATH = YES;
				SDKROOT = iphoneos;
				VALIDATE_PRODUCT = YES;
			};
			name = Release;
		};
		E03291D121142DA400152273 /* Debug */ = {
			isa = XCBuildConfiguration;
			buildSettings = {
				ASSETCATALOG_COMPILER_APPICON_NAME = AppIcon;
				CODE_SIGN_STYLE = Manual;
				DEVELOPMENT_TEAM = G583SJY324;
				INFOPLIST_FILE = MMRouterDemo/Info.plist;
				LD_RUNPATH_SEARCH_PATHS = (
					"$(inherited)",
					"@executable_path/Frameworks",
				);
				PRODUCT_BUNDLE_IDENTIFIER = com.poco.puzzle;
				PRODUCT_NAME = "$(TARGET_NAME)";
				PROVISIONING_PROFILE_SPECIFIER = Jane;
				TARGETED_DEVICE_FAMILY = "1,2";
			};
			name = Debug;
		};
		E03291D221142DA400152273 /* Release */ = {
			isa = XCBuildConfiguration;
			buildSettings = {
				ASSETCATALOG_COMPILER_APPICON_NAME = AppIcon;
				CODE_SIGN_STYLE = Manual;
				DEVELOPMENT_TEAM = "";
				INFOPLIST_FILE = MMRouterDemo/Info.plist;
				LD_RUNPATH_SEARCH_PATHS = (
					"$(inherited)",
					"@executable_path/Frameworks",
				);
				PRODUCT_BUNDLE_IDENTIFIER = com.poco.puzzle;
				PRODUCT_NAME = "$(TARGET_NAME)";
				PROVISIONING_PROFILE_SPECIFIER = "";
				TARGETED_DEVICE_FAMILY = "1,2";
			};
			name = Release;
		};
/* End XCBuildConfiguration section */

/* Begin XCConfigurationList section */
		E03291B521142DA300152273 /* Build configuration list for PBXProject "MMRouterDemo" */ = {
			isa = XCConfigurationList;
			buildConfigurations = (
				E03291CE21142DA400152273 /* Debug */,
				E03291CF21142DA400152273 /* Release */,
			);
			defaultConfigurationIsVisible = 0;
			defaultConfigurationName = Release;
		};
		E03291D021142DA400152273 /* Build configuration list for PBXNativeTarget "MMRouterDemo" */ = {
			isa = XCConfigurationList;
			buildConfigurations = (
				E03291D121142DA400152273 /* Debug */,
				E03291D221142DA400152273 /* Release */,
			);
			defaultConfigurationIsVisible = 0;
			defaultConfigurationName = Release;
		};
/* End XCConfigurationList section */
	};
	rootObject = E03291B221142DA300152273 /* Project object */;
}
