// !$*UTF8*$!
{
	archiveVersion = 1;
	classes = {
	};
	objectVersion = 50;
	objects = {

/* Begin PBXBuildFile section */
		E03291BF21142DA300152273 /* AppDelegate.m in Sources */ = {isa = PBXBuildFile; fileRef = E03291BE21142DA300152273 /* AppDelegate.m */; };
		E03291C221142DA300152273 /* ViewController.m in Sources */ = {isa = PBXBuildFile; fileRef = E03291C121142DA300152273 /* ViewController.m */; };
		E03291C521142DA300152273 /* Main.storyboard in Resources */ = {isa = PBXBuildFile; fileRef = E03291C321142DA300152273 /* Main.storyboard */; };
		E03291C721142DA400152273 /* Assets.xcassets in Resources */ = {isa = PBXBuildFile; fileRef = E03291C621142DA400152273 /* Assets.xcassets */; };
		E03291CA21142DA400152273 /* LaunchScreen.storyboard in Resources */ = {isa = PBXBuildFile; fileRef = E03291C821142DA400152273 /* LaunchScreen.storyboard */; };
		E03291CD21142DA400152273 /* main.m in Sources */ = {isa = PBXBuildFile; fileRef = E03291CC21142DA400152273 /* main.m */; };
		E03291DA21142DD000152273 /* MMRouter.m in Sources */ = {isa = PBXBuildFile; fileRef = E03291D921142DD000152273 /* MMRouter.m */; };
		E03291E021142EB200152273 /* MMForumViewController.m in Sources */ = {isa = PBXBuildFile; fileRef = E03291DF21142EB200152273 /* MMForumViewController.m */; };
		E03291E321142EBB00152273 /* MMMallViewController.m in Sources */ = {isa = PBXBuildFile; fileRef = E03291E221142EBB00152273 /* MMMallViewController.m */; };
		E03291E621142EC300152273 /* MMWalletViewController.m in Sources */ = {isa = PBXBuildFile; fileRef = E03291E521142EC300152273 /* MMWalletViewController.m */; };
/* End PBXBuildFile section */

/* Begin PBXFileReference section */
		E03291BA21142DA300152273 /* MMRouterDemo.app */ = {isa = PBXFileReference; explicitFileType = wrapper.application; includeInIndex = 0; path = MMRouterDemo.app; sourceTree = BUILT_PRODUCTS_DIR; };
		E03291BD21142DA300152273 /* AppDelegate.h */ = {isa = PBXFileReference; lastKnownFileType = sourcecode.c.h; path = AppDelegate.h; sourceTree = "<group>"; };
		E03291BE21142DA300152273 /* AppDelegate.m */ = {isa = PBXFileReference; lastKnownFileType = sourcecode.c.objc; path = AppDelegate.m; sourceTree = "<group>"; };
		E03291C021142DA300152273 /* ViewController.h */ = {isa = PBXFileReference; lastKnownFileType = sourcecode.c.h; path = ViewController.h; sourceTree = "<group>"; };
		E03291C121142DA300152273 /* ViewController.m */ = {isa = PBXFileReference; lastKnownFileType = sourcecode.c.objc; path = ViewController.m; sourceTree = "<group>"; };
		E03291C421142DA300152273 /* Base */ = {isa = PBXFileReference; lastKnownFileType = file.storyboard; name = Base; path = Base.lproj/Main.storyboard; sourceTree = "<group>"; };
		E03291C621142DA400152273 /* Assets.xcassets */ = {isa = PBXFileReference; lastKnownFileType = folder.assetcatalog; path = Assets.xcassets; sourceTree = "<group>"; };
		E03291C921142DA400152273 /* Base */ = {isa = PBXFileReference; lastKnownFileType = file.storyboard; name = Base; path = Base.lproj/LaunchScreen.storyboard; sourceTree = "<group>"; };
		E03291CB21142DA400152273 /* Info.plist */ = {isa = PBXFileReference; lastKnownFileType = text.plist.xml; path = Info.plist; sourceTree = "<group>"; };
		E03291CC21142DA400152273 /* main.m */ = {isa = PBXFileReference; lastKnownFileType = sourcecode.c.objc; path = main.m; sourceTree = "<group>"; };
		E03291D821142DD000152273 /* MMRouter.h */ = {isa = PBXFileReference; fileEncoding = 4; lastKnownFileType = sourcecode.c.h; path = MMRouter.h; sourceTree = "<group>"; };
		E03291D921142DD000152273 /* MMRouter.m */ = {isa = PBXFileReference; fileEncoding = 4; lastKnownFileType = sourcecode.c.objc; path = MMRouter.m; sourceTree = "<group>"; };
		E03291DE21142EB200152273 /* MMForumViewController.h */ = {isa = PBXFileReference; lastKnownFileType = sourcecode.c.h; path = MMForumViewController.h; sourceTree = "<group>"; };
		E03291DF21142EB200152273 /* MMForumViewController.m */ = {isa = PBXFileReference; lastKnownFileType = sourcecode.c.objc; path = MMForumViewController.m; sourceTree = "<group>"; };
		E03291E121142EBB00152273 /* MMMallViewController.h */ = {isa = PBXFileReference; lastKnownFileType = sourcecode.c.h; path = MMMallViewController.h; sourceTree = "<group>"; };
		E03291E221142EBB00152273 /* MMMallViewController.m */ = {isa = PBXFileReference; lastKnownFileType = sourcecode.c.objc; path = MMMallViewController.m; sourceTree = "<group>"; };
		E03291E421142EC300152273 /* MMWalletViewController.h */ = {isa = PBXFileReference; lastKnownFileType = sourcecode.c.h; path = MMWalletViewController.h; sourceTree = "<group>"; };
		E03291E521142EC300152273 /* MMWalletViewController.m */ = {isa = PBXFileReference; lastKnownFileType = sourcecode.c.objc; path = MMWalletViewController.m; sourceTree = "<group>"; };
/* End PBXFileReference section */

/* Begin PBXFrameworksBuildPhase section */
		E03291B721142DA300152273 /* Frameworks */ = {
			isa = PBXFrameworksBuildPhase;
			buildActionMask = 2147483647;
			files = (
			);
			runOnlyForDeploymentPostprocessing = 0;
		};
/* End PBXFrameworksBuildPhase section */

/* Begin PBXGroup section */
		E03291B121142DA300152273 = {
			isa = PBXGroup;
			children = (
				E03291D721142DD000152273 /* MMRouter */,
				E03291BC21142DA300152273 /* MMRouterDemo */,
				E03291BB21142DA300152273 /* Products */,
			);
			sourceTree = "<group>";
		};
		E03291BB21142DA300152273 /* Products */ = {
			isa = PBXGroup;
			children = (
				E03291BA21142DA300152273 /* MMRouterDemo.app */,
			);
			name = Products;
			sourceTree = "<group>";
		};
		E03291BC21142DA300152273 /* MMRouterDemo */ = {
			isa = PBXGroup;
			children = (
				E03291DB21142E5300152273 /* Module_ Forum */,
				E03291DC21142E5300152273 /* Module_Mall */,
				E03291DD21142E5300152273 /* Module_Wallet */,
				E03291BD21142DA300152273 /* AppDelegate.h */,
				E03291BE21142DA300152273 /* AppDelegate.m */,
				E03291C021142DA300152273 /* ViewController.h */,
				E03291C121142DA300152273 /* ViewController.m */,
				E03291C321142DA300152273 /* Main.storyboard */,
				E03291C621142DA400152273 /* Assets.xcassets */,
				E03291C821142DA400152273 /* LaunchScreen.storyboard */,
				E03291CB21142DA400152273 /* Info.plist */,
				E03291CC21142DA400152273 /* main.m */,
			);
			path = MMRouterDemo;
			sourceTree = "<group>";
		};
		E03291D721142DD000152273 /* MMRouter */ = {
			isa = PBXGroup;
			children = (
				E03291D821142DD000152273 /* MMRouter.h */,
				E03291D921142DD000152273 /* MMRouter.m */,
			);
			name = MMRouter;
			path = ../MMRouter;
			sourceTree = "<group>";
		};
		E03291DB21142E5300152273 /* Module_ Forum */ = {
			isa = PBXGroup;
			children = (
				E03291DE21142EB200152273 /* MMForumViewController.h */,
				E03291DF21142EB200152273 /* MMForumViewController.m */,
			);
			path = "Module_ Forum";
			sourceTree = "<group>";
		};
		E03291DC21142E5300152273 /* Module_Mall */ = {
			isa = PBXGroup;
			children = (
				E03291E121142EBB00152273 /* MMMallViewController.h */,
				E03291E221142EBB00152273 /* MMMallViewController.m */,
			);
			path = Module_Mall;
			sourceTree = "<group>";
		};
		E03291DD21142E5300152273 /* Module_Wallet */ = {
			isa = PBXGroup;
			children = (
				E03291E421142EC300152273 /* MMWalletViewController.h */,
				E03291E521142EC300152273 /* MMWalletViewController.m */,
			);
			path = Module_Wallet;
			sourceTree = "<group>";
		};
/* End PBXGroup section */

/* Begin PBXNativeTarget section */
		E03291B921142DA300152273 /* MMRouterDemo */ = {
			isa = PBXNativeTarget;
			buildConfigurationList = E03291D021142DA400152273 /* Build configuration list for PBXNativeTarget "MMRouterDemo" */;
			buildPhases = (
				E03291B621142DA300152273 /* Sources */,
				E03291B721142DA300152273 /* Frameworks */,
				E03291B821142DA300152273 /* Resources */,
			);
			buildRules = (
			);
			dependencies = (
			);
			name = MMRouterDemo;
			productName = MMRouterDemo;
			productReference = E03291BA21142DA300152273 /* MMRouterDemo.app */;
			productType = "com.apple.product-type.application";
		};
/* End PBXNativeTarget section */

/* Begin PBXProject section */
		E03291B221142DA300152273 /* Project object */ = {
			isa = PBXProject;
			attributes = {
				LastUpgradeCheck = 1000;
				ORGANIZATIONNAME = xueMingLuan;
				TargetAttributes = {
					E03291B921142DA300152273 = {
						CreatedOnToolsVersion = 10.0;
					};
				};
			};
			buildConfigurationList = E03291B521142DA300152273 /* Build configuration list for PBXProject "MMRouterDemo" */;
			compatibilityVersion = "Xcode 9.3";
			developmentRegion = en;
			hasScannedForEncodings = 0;
			knownRegions = (
				en,
				Base,
			);
			mainGroup = E03291B121142DA300152273;
			productRefGroup = E03291BB21142DA300152273 /* Products */;
			projectDirPath = "";
			projectRoot = "";
			targets = (
				E03291B921142DA300152273 /* MMRouterDemo */,
			);
		};
/* End PBXProject section */

/* Begin PBXResourcesBuildPhase section */
		E03291B821142DA300152273 /* Resources */ = {
			isa = PBXResourcesBuildPhase;
			buildActionMask = 2147483647;
			files = (
				E03291CA21142DA400152273 /* LaunchScreen.storyboard in Resources */,
				E03291C721142DA400152273 /* Assets.xcassets in Resources */,
				E03291C521142DA300152273 /* Main.storyboard in Resources */,
			);
			runOnlyForDeploymentPostprocessing = 0;
		};
/* End PBXResourcesBuildPhase section */

/* Begin PBXSourcesBuildPhase section */
		E03291B621142DA300152273 /* Sources */ = {
			isa = PBXSourcesBuildPhase;
			buildActionMask = 2147483647;
			files = (
				E03291E621142EC300152273 /* MMWalletViewController.m in Sources */,
				E03291DA21142DD000152273 /* MMRouter.m in Sources */,
				E03291E021142EB200152273 /* MMForumViewController.m in Sources */,
				E03291E321142EBB00152273 /* MMMallViewController.m in Sources */,
				E03291C221142DA300152273 /* ViewController.m in Sources */,
				E03291CD21142DA400152273 /* main.m in Sources */,
				E03291BF21142DA300152273 /* AppDelegate.m in Sources */,
			);
			runOnlyForDeploymentPostprocessing = 0;
		};
/* End PBXSourcesBuildPhase section */

/* Begin PBXVariantGroup section */
		E03291C321142DA300152273 /* Main.storyboard */ = {
			isa = PBXVariantGroup;
			children = (
				E03291C421142DA300152273 /* Base */,
			);
			name = Main.storyboard;
			sourceTree = "<group>";
		};
		E03291C821142DA400152273 /* LaunchScreen.storyboard */ = {
			isa = PBXVariantGroup;
			children = (
				E03291C921142DA400152273 /* Base */,
			);
			name = LaunchScreen.storyboard;
			sourceTree = "<group>";
		};
/* End PBXVariantGroup section */

/* Begin XCBuildConfiguration section */
		E03291CE21142DA400152273 /* Debug */ = {
			isa = XCBuildConfiguration;
			buildSettings = {
				ALWAYS_SEARCH_USER_PATHS = NO;
				CLANG_ANALYZER_NONNULL = YES;
				CLANG_ANALYZER_NUMBER_OBJECT_CONVERSION = YES_AGGRESSIVE;
				CLANG_CXX_LANGUAGE_STANDARD = "gnu++14";
				CLANG_CXX_LIBRARY = "libc++";
				CLANG_ENABLE_MODULES = YES;
				CLANG_ENABLE_OBJC_ARC = YES;
				CLANG_ENABLE_OBJC_WEAK = YES;
				CLANG_WARN_BLOCK_CAPTURE_AUTORELEASING = YES;
				CLANG_WARN_BOOL_CONVERSION = YES;
				CLANG_WARN_COMMA = YES;
				CLANG_WARN_CONSTANT_CONVERSION = YES;
				CLANG_WARN_DEPRECATED_OBJC_IMPLEMENTATIONS = YES;
				CLANG_WARN_DIRECT_OBJC_ISA_USAGE = YES_ERROR;
				CLANG_WARN_DOCUMENTATION_COMMENTS = YES;
				CLANG_WARN_EMPTY_BODY = YES;
				CLANG_WARN_ENUM_CONVERSION = YES;
				CLANG_WARN_INFINITE_RECURSION = YES;
				CLANG_WARN_INT_CONVERSION = YES;
				CLANG_WARN_NON_LITERAL_NULL_CONVERSION = YES;
				CLANG_WARN_OBJC_IMPLICIT_RETAIN_SELF = YES;
				CLANG_WARN_OBJC_LITERAL_CONVERSION = YES;
				CLANG_WARN_OBJC_ROOT_CLASS = YES_ERROR;
				CLANG_WARN_RANGE_LOOP_ANALYSIS = YES;
				CLANG_WARN_STRICT_PROTOTYPES = YES;
				CLANG_WARN_SUSPICIOUS_MOVE = YES;
				CLANG_WARN_UNGUARDED_AVAILABILITY = YES_AGGRESSIVE;
				CLANG_WARN_UNREACHABLE_CODE = YES;
				CLANG_WARN__DUPLICATE_METHOD_MATCH = YES;
				CODE_SIGN_IDENTITY = "iPhone Developer";
				COPY_PHASE_STRIP = NO;
				DEBUG_INFORMATION_FORMAT = dwarf;
				ENABLE_STRICT_OBJC_MSGSEND = YES;
				ENABLE_TESTABILITY = YES;
				GCC_C_LANGUAGE_STANDARD = gnu11;
				GCC_DYNAMIC_NO_PIC = NO;
				GCC_NO_COMMON_BLOCKS = YES;
				GCC_OPTIMIZATION_LEVEL = 0;
				GCC_PREPROCESSOR_DEFINITIONS = (
					"DEBUG=1",
					"$(inherited)",
				);
				GCC_WARN_64_TO_32_BIT_CONVERSION = YES;
				GCC_WARN_ABOUT_RETURN_TYPE = YES_ERROR;
				GCC_WARN_UNDECLARED_SELECTOR = YES;
				GCC_WARN_UNINITIALIZED_AUTOS = YES_AGGRESSIVE;
				GCC_WARN_UNUSED_FUNCTION = YES;
				GCC_WARN_UNUSED_VARIABLE = YES;
				IPHONEOS_DEPLOYMENT_TARGET = 12.0;
				MTL_ENABLE_DEBUG_INFO = INCLUDE_SOURCE;
				MTL_FAST_MATH = YES;
				ONLY_ACTIVE_ARCH = YES;
				SDKROOT = iphoneos;
			};
			name = Debug;
		};
		E03291CF21142DA400152273 /* Release */ = {
			isa = XCBuildConfiguration;
			buildSettings = {
				ALWAYS_SEARCH_USER_PATHS = NO;
				CLANG_ANALYZER_NONNULL = YES;
				CLANG_ANALYZER_NUMBER_OBJECT_CONVERSION = YES_AGGRESSIVE;
				CLANG_CXX_LANGUAGE_STANDARD = "gnu++14";
				CLANG_CXX_LIBRARY = "libc++";
				CLANG_ENABLE_MODULES = YES;
				CLANG_ENABLE_OBJC_ARC = YES;
				CLANG_ENABLE_OBJC_WEAK = YES;
				CLANG_WARN_BLOCK_CAPTURE_AUTORELEASING = YES;
				CLANG_WARN_BOOL_CONVERSION = YES;
				CLANG_WARN_COMMA = YES;
				CLANG_WARN_CONSTANT_CONVERSION = YES;
				CLANG_WARN_DEPRECATED_OBJC_IMPLEMENTATIONS = YES;
				CLANG_WARN_DIRECT_OBJC_ISA_USAGE = YES_ERROR;
				CLANG_WARN_DOCUMENTATION_COMMENTS = YES;
				CLANG_WARN_EMPTY_BODY = YES;
				CLANG_WARN_ENUM_CONVERSION = YES;
				CLANG_WARN_INFINITE_RECURSION = YES;
				CLANG_WARN_INT_CONVERSION = YES;
				CLANG_WARN_NON_LITERAL_NULL_CONVERSION = YES;
				CLANG_WARN_OBJC_IMPLICIT_RETAIN_SELF = YES;
				CLANG_WARN_OBJC_LITERAL_CONVERSION = YES;
				CLANG_WARN_OBJC_ROOT_CLASS = YES_ERROR;
				CLANG_WARN_RANGE_LOOP_ANALYSIS = YES;
				CLANG_WARN_STRICT_PROTOTYPES = YES;
				CLANG_WARN_SUSPICIOUS_MOVE = YES;
				CLANG_WARN_UNGUARDED_AVAILABILITY = YES_AGGRESSIVE;
				CLANG_WARN_UNREACHABLE_CODE = YES;
				CLANG_WARN__DUPLICATE_METHOD_MATCH = YES;
				CODE_SIGN_IDENTITY = "iPhone Developer";
				COPY_PHASE_STRIP = NO;
				DEBUG_INFORMATION_FORMAT = "dwarf-with-dsym";
				ENABLE_NS_ASSERTIONS = NO;
				ENABLE_STRICT_OBJC_MSGSEND = YES;
				GCC_C_LANGUAGE_STANDARD = gnu11;
				GCC_NO_COMMON_BLOCKS = YES;
				GCC_WARN_64_TO_32_BIT_CONVERSION = YES;
				GCC_WARN_ABOUT_RETURN_TYPE = YES_ERROR;
				GCC_WARN_UNDECLARED_SELECTOR = YES;
				GCC_WARN_UNINITIALIZED_AUTOS = YES_AGGRESSIVE;
				GCC_WARN_UNUSED_FUNCTION = YES;
				GCC_WARN_UNUSED_VARIABLE = YES;
				IPHONEOS_DEPLOYMENT_TARGET = 12.0;
				MTL_ENABLE_DEBUG_INFO = NO;
				MTL_FAST_MATH = YES;
				SDKROOT = iphoneos;
				VALIDATE_PRODUCT = YES;
			};
			name = Release;
		};
		E03291D121142DA400152273 /* Debug */ = {
			isa = XCBuildConfiguration;
			buildSettings = {
				ASSETCATALOG_COMPILER_APPICON_NAME = AppIcon;
				CODE_SIGN_STYLE = Automatic;
				INFOPLIST_FILE = MMRouterDemo/Info.plist;
				LD_RUNPATH_SEARCH_PATHS = (
					"$(inherited)",
					"@executable_path/Frameworks",
				);
				PRODUCT_BUNDLE_IDENTIFIER = MMille.MMRouterDemo;
				PRODUCT_NAME = "$(TARGET_NAME)";
				TARGETED_DEVICE_FAMILY = "1,2";
			};
			name = Debug;
		};
		E03291D221142DA400152273 /* Release */ = {
			isa = XCBuildConfiguration;
			buildSettings = {
				ASSETCATALOG_COMPILER_APPICON_NAME = AppIcon;
				CODE_SIGN_STYLE = Automatic;
				INFOPLIST_FILE = MMRouterDemo/Info.plist;
				LD_RUNPATH_SEARCH_PATHS = (
					"$(inherited)",
					"@executable_path/Frameworks",
				);
				PRODUCT_BUNDLE_IDENTIFIER = MMille.MMRouterDemo;
				PRODUCT_NAME = "$(TARGET_NAME)";
				TARGETED_DEVICE_FAMILY = "1,2";
			};
			name = Release;
		};
/* End XCBuildConfiguration section */

/* Begin XCConfigurationList section */
		E03291B521142DA300152273 /* Build configuration list for PBXProject "MMRouterDemo" */ = {
			isa = XCConfigurationList;
			buildConfigurations = (
				E03291CE21142DA400152273 /* Debug */,
				E03291CF21142DA400152273 /* Release */,
			);
			defaultConfigurationIsVisible = 0;
			defaultConfigurationName = Release;
		};
		E03291D021142DA400152273 /* Build configuration list for PBXNativeTarget "MMRouterDemo" */ = {
			isa = XCConfigurationList;
			buildConfigurations = (
				E03291D121142DA400152273 /* Debug */,
				E03291D221142DA400152273 /* Release */,
			);
			defaultConfigurationIsVisible = 0;
			defaultConfigurationName = Release;
		};
/* End XCConfigurationList section */
	};
	rootObject = E03291B221142DA300152273 /* Project object */;
}
